{
  "name": "amenov.req.validation",
  "version": "1.0.1",
  "lockfileVersion": 1,
  "requires": true,
  "dependencies": {
    "amenov.validator": {
      "version": "1.0.2",
      "resolved": "https://registry.npmjs.org/amenov.validator/-/amenov.validator-1.0.2.tgz",
      "integrity": "sha512-1eNBS4DF8C5Oh3Dc+QXoQcbBEn51kmW88PFadcGk0J02r4aHtCTPCVPHP+7FfieHL3Oq7gY4UnzJKysJ5yFXdQ==",
      "requires": {
        "libphonenumber-js": "^1.9.8"
      }
    },
    "libphonenumber-js": {
      "version": "1.9.8",
      "resolved": "https://registry.npmjs.org/libphonenumber-js/-/libphonenumber-js-1.9.8.tgz",
      "integrity": "sha512-gXzuhvlqdH20MlKAy1jXOVouCYByz43ZGCAeNnNuKQXUM+Wl36gbql0M27QQI3ahYCHJErd2W8ciqWweoQdbrQ=="
    }
  }
}
