{
  "name": "amenov.req.validation",
  "version": "1.0.2",
  "lockfileVersion": 1,
  "requires": true,
  "dependencies": {
    "amenov.validator": {
      "version": "2.0.0",
      "resolved": "https://registry.npmjs.org/amenov.validator/-/amenov.validator-2.0.0.tgz",
      "integrity": "sha512-dteBBwjgKrUIxfedZId760UsWnd+UDsiOAQGby3lAeqIna6tR9wtv7e3sVdA/QyTaNQYehnif2UtTJOJhDsTmQ==",
      "requires": {
        "libphonenumber-js": "^1.9.8"
      }
    },
    "libphonenumber-js": {
      "version": "1.9.19",
      "resolved": "https://registry.npmjs.org/libphonenumber-js/-/libphonenumber-js-1.9.19.tgz",
      "integrity": "sha512-RjStfSE63LvXQEBw7pgQHPkY35z8feiMjC9wLvL1Hbt8PbhxpRrACwMXmLQgabb+IpVdcEx+olh8ll7UDXXkfA=="
    }
  }
}
