{
  "name": "amenov.req.validation",
  "version": "1.0.1",
  "lockfileVersion": 1,
  "requires": true,
  "dependencies": {
    "amenov.validator": {
      "version": "1.0.1",
      "resolved": "https://registry.npmjs.org/amenov.validator/-/amenov.validator-1.0.1.tgz",
      "integrity": "sha512-ZbgsSB38YgsyD+6Wcm86ZBdhdhD1UnbYumXJg5QHY4ZIVsEW9zy1ttOoFLL7R9CsJpAV52oaEtnG7/sumt7cFA=="
    }
  }
}
